
Microsoft Visual Studio Solution File, Format Version 12.00
# Visual Studio Version 17
VisualStudioVersion = 17.0.31919.166
MinimumVisualStudioVersion = 10.0.40219.1
Project("{FAE04EC0-301F-11D3-BF4B-00C04F79EFBC}") = "MarsRover.Case", "MarsRover.Case.csproj", "{6210A75A-0E74-4218-B198-43697D2B55EC}"
EndProject
Project("{FAE04EC0-301F-11D3-BF4B-00C04F79EFBC}") = "MarsRover.Tests", "..\MarsRover.Tests\MarsRover.Tests.csproj", "{FDF0A9C7-C4F9-4AC3-825C-5700A5975BFF}"
EndProject
Global
	GlobalSection(SolutionConfigurationPlatforms) = preSolution
		Debug|Any CPU = Debug|Any CPU
		Release|Any CPU = Release|Any CPU
	EndGlobalSection
	GlobalSection(ProjectConfigurationPlatforms) = postSolution
		{6210A75A-0E74-4218-B198-43697D2B55EC}.Debug|Any CPU.ActiveCfg = Debug|Any CPU
		{6210A75A-0E74-4218-B198-43697D2B55EC}.Debug|Any CPU.Build.0 = Debug|Any CPU
		{6210A75A-0E74-4218-B198-43697D2B55EC}.Release|Any CPU.ActiveCfg = Release|Any CPU
		{6210A75A-0E74-4218-B198-43697D2B55EC}.Release|Any CPU.Build.0 = Release|Any CPU
		{FDF0A9C7-C4F9-4AC3-825C-5700A5975BFF}.Debug|Any CPU.ActiveCfg = Debug|Any CPU
		{FDF0A9C7-C4F9-4AC3-825C-5700A5975BFF}.Debug|Any CPU.Build.0 = Debug|Any CPU
		{FDF0A9C7-C4F9-4AC3-825C-5700A5975BFF}.Release|Any CPU.ActiveCfg = Release|Any CPU
		{FDF0A9C7-C4F9-4AC3-825C-5700A5975BFF}.Release|Any CPU.Build.0 = Release|Any CPU
	EndGlobalSection
	GlobalSection(SolutionProperties) = preSolution
		HideSolutionNode = FALSE
	EndGlobalSection
	GlobalSection(ExtensibilityGlobals) = postSolution
		SolutionGuid = {0A617661-BDF7-42E7-9278-F2D8FBD67444}
	EndGlobalSection
EndGlobal
